
Microsoft Visual Studio Solution File, Format Version 11.00
# Visual Studio 2010
Project("{FAE04EC0-301F-11D3-BF4B-00C04F79EFBC}") = "ACQ.Excel", "ACQ.Excel.csproj", "{35A540ED-BD97-44DD-B72F-52958E11549E}"
EndProject
Project("{2150E333-8FDC-42A3-9474-1A3956D46DE8}") = "Libs", "Libs", "{1ADDB541-01F1-4C81-8ED0-8C90EB000BDB}"
EndProject
Project("{FAE04EC0-301F-11D3-BF4B-00C04F79EFBC}") = "ACQ.Math", "..\ACQ.Math\ACQ.Math.csproj", "{92EBDA1C-6085-4A88-A0FB-757E2F375EBC}"
EndProject
Global
	GlobalSection(SolutionConfigurationPlatforms) = preSolution
		Debug|Any CPU = Debug|Any CPU
		Release|Any CPU = Release|Any CPU
	EndGlobalSection
	GlobalSection(ProjectConfigurationPlatforms) = postSolution
		{35A540ED-BD97-44DD-B72F-52958E11549E}.Debug|Any CPU.ActiveCfg = Debug|Any CPU
		{35A540ED-BD97-44DD-B72F-52958E11549E}.Debug|Any CPU.Build.0 = Debug|Any CPU
		{35A540ED-BD97-44DD-B72F-52958E11549E}.Release|Any CPU.ActiveCfg = Release|Any CPU
		{35A540ED-BD97-44DD-B72F-52958E11549E}.Release|Any CPU.Build.0 = Release|Any CPU
		{92EBDA1C-6085-4A88-A0FB-757E2F375EBC}.Debug|Any CPU.ActiveCfg = Debug|Any CPU
		{92EBDA1C-6085-4A88-A0FB-757E2F375EBC}.Debug|Any CPU.Build.0 = Debug|Any CPU
		{92EBDA1C-6085-4A88-A0FB-757E2F375EBC}.Release|Any CPU.ActiveCfg = Release|Any CPU
		{92EBDA1C-6085-4A88-A0FB-757E2F375EBC}.Release|Any CPU.Build.0 = Release|Any CPU
	EndGlobalSection
	GlobalSection(SolutionProperties) = preSolution
		HideSolutionNode = FALSE
	EndGlobalSection
	GlobalSection(NestedProjects) = preSolution
		{92EBDA1C-6085-4A88-A0FB-757E2F375EBC} = {1ADDB541-01F1-4C81-8ED0-8C90EB000BDB}
	EndGlobalSection
EndGlobal
